dependencies:
- name: backend
  repository: file://charts/backend
  version: 0.1.0
- name: frontend
  repository: file://charts/frontend
  version: 0.1.0
- name: validator
  repository: file://charts/validator
  version: 0.1.0
- name: jira
  repository: file://charts/jira
  version: 0.1.0
- name: skills-service
  repository: file://charts/skills-service
  version: 0.1.0
- name: connector
  repository: file://charts/connector
  version: 0.1.0
digest: sha256:478041064eba85230b6116c5b0c9bcca89864d3129e0e4c23d7fec4672d6cfbf
generated: "2026-04-22T08:40:39.622511+10:00"
