dependencies:
- name: backend
  repository: file://charts/backend
  version: 0.1.0
- name: frontend
  repository: file://charts/frontend
  version: 0.1.0
- name: validator
  repository: file://charts/validator
  version: 0.1.0
- name: connector
  repository: file://charts/connector
  version: 0.1.0
digest: sha256:2db02044bc858284a7c52fcda8f8c181b807a90e87ae98e8e4904df70e7233f3
generated: "2026-03-24T10:05:33.25321+11:00"
